// !$*UTF8*$!
{
	archiveVersion = 1;
	classes = {
	};
	objectVersion = 46;
	objects = {

/* Begin PBXBuildFile section */
		E01FF4E41CB0D0BE008676B8 /* LockManager.swift in Sources */ = {isa = PBXBuildFile; fileRef = E01FF4E31CB0D0BE008676B8 /* LockManager.swift */; };
		E0426D5D1CB54C2000B7F68B /* DocumentsImportManager.swift in Sources */ = {isa = PBXBuildFile; fileRef = E0426D5C1CB54C2000B7F68B /* DocumentsImportManager.swift */; };
		E0707ED61CC1D4570013D96B /* MovieDetailViewController.swift in Sources */ = {isa = PBXBuildFile; fileRef = E0707ED41CC1D4570013D96B /* MovieDetailViewController.swift */; };
		E0707ED71CC1D4570013D96B /* MovieDetailViewController.xib in Resources */ = {isa = PBXBuildFile; fileRef = E0707ED51CC1D4570013D96B /* MovieDetailViewController.xib */; };
		E0707ED91CC1D4CA0013D96B /* MovieFolderController.swift in Sources */ = {isa = PBXBuildFile; fileRef = E0707ED81CC1D4CA0013D96B /* MovieFolderController.swift */; };
		E0707EDC1CC1DD3D0013D96B /* BookScanController.swift in Sources */ = {isa = PBXBuildFile; fileRef = E0707EDB1CC1DD3D0013D96B /* BookScanController.swift */; };
		E0707EDE1CC1E2C80013D96B /* BookScanViewModel.swift in Sources */ = {isa = PBXBuildFile; fileRef = E0707EDD1CC1E2C80013D96B /* BookScanViewModel.swift */; };
		E0707EE01CC1E38E0013D96B /* BookFolderController.swift in Sources */ = {isa = PBXBuildFile; fileRef = E0707EDF1CC1E38E0013D96B /* BookFolderController.swift */; };
		E0707EE31CC1E4040013D96B /* BookDetailViewController.swift in Sources */ = {isa = PBXBuildFile; fileRef = E0707EE11CC1E4040013D96B /* BookDetailViewController.swift */; };
		E0707EE41CC1E4040013D96B /* BookDetailViewController.xib in Resources */ = {isa = PBXBuildFile; fileRef = E0707EE21CC1E4040013D96B /* BookDetailViewController.xib */; };
		E08868951CB0BADF00128A66 /* PictureDetailViewModel.swift in Sources */ = {isa = PBXBuildFile; fileRef = E0C7CEE81CAC217B005A7942 /* PictureDetailViewModel.swift */; };
		E08868961CB0BCA500128A66 /* FolderModel.swift in Sources */ = {isa = PBXBuildFile; fileRef = E0C7CEE01CAC1925005A7942 /* FolderModel.swift */; };
		E08868971CB0BCA500128A66 /* FileModel.swift in Sources */ = {isa = PBXBuildFile; fileRef = E0C7CEE21CAC192E005A7942 /* FileModel.swift */; };
		E088689C1CB0C11D00128A66 /* PicDetailCell.swift in Sources */ = {isa = PBXBuildFile; fileRef = E088689A1CB0C11D00128A66 /* PicDetailCell.swift */; };
		E088689D1CB0C11D00128A66 /* PicDetailCell.xib in Resources */ = {isa = PBXBuildFile; fileRef = E088689B1CB0C11D00128A66 /* PicDetailCell.xib */; };
		E088689F1CB0C64500128A66 /* PicModel.swift in Sources */ = {isa = PBXBuildFile; fileRef = E088689E1CB0C64500128A66 /* PicModel.swift */; };
		E08868A01CB0C66200128A66 /* PicModel.swift in Sources */ = {isa = PBXBuildFile; fileRef = E088689E1CB0C64500128A66 /* PicModel.swift */; };
		E08868A31CB0CAE300128A66 /* LockViewController.swift in Sources */ = {isa = PBXBuildFile; fileRef = E08868A11CB0CAE300128A66 /* LockViewController.swift */; };
		E08868A41CB0CAE300128A66 /* LockViewController.xib in Resources */ = {isa = PBXBuildFile; fileRef = E08868A21CB0CAE300128A66 /* LockViewController.xib */; };
		E08868A71CB0CC5300128A66 /* Crypto.swift in Sources */ = {isa = PBXBuildFile; fileRef = E08868A61CB0CC5300128A66 /* Crypto.swift */; };
		E08868A81CB0CC5300128A66 /* Crypto.swift in Sources */ = {isa = PBXBuildFile; fileRef = E08868A61CB0CC5300128A66 /* Crypto.swift */; };
		E08868B01CB0CCEC00128A66 /* LockData.swift in Sources */ = {isa = PBXBuildFile; fileRef = E08868AF1CB0CCEC00128A66 /* LockData.swift */; };
		E08868B11CB0CCEC00128A66 /* LockData.swift in Sources */ = {isa = PBXBuildFile; fileRef = E08868AF1CB0CCEC00128A66 /* LockData.swift */; };
		E08E94121CB54E99002FF9EB /* SelectFolderController.swift in Sources */ = {isa = PBXBuildFile; fileRef = E08E94101CB54E99002FF9EB /* SelectFolderController.swift */; };
		E08E94131CB54E99002FF9EB /* SelectFolderController.xib in Resources */ = {isa = PBXBuildFile; fileRef = E08E94111CB54E99002FF9EB /* SelectFolderController.xib */; };
		E08E94151CB54F1E002FF9EB /* SelectFolderViewModel.swift in Sources */ = {isa = PBXBuildFile; fileRef = E08E94141CB54F1E002FF9EB /* SelectFolderViewModel.swift */; };
		E08E94171CB5584B002FF9EB /* Alert.swift in Sources */ = {isa = PBXBuildFile; fileRef = E08E94161CB5584B002FF9EB /* Alert.swift */; };
		E0A4B2961CAA872B001C81FC /* AppDelegate.swift in Sources */ = {isa = PBXBuildFile; fileRef = E0A4B2951CAA872B001C81FC /* AppDelegate.swift */; };
		E0A4B29D1CAA872B001C81FC /* Main.storyboard in Resources */ = {isa = PBXBuildFile; fileRef = E0A4B29B1CAA872B001C81FC /* Main.storyboard */; };
		E0A4B29F1CAA872B001C81FC /* Assets.xcassets in Resources */ = {isa = PBXBuildFile; fileRef = E0A4B29E1CAA872B001C81FC /* Assets.xcassets */; };
		E0A4B2A21CAA872B001C81FC /* LaunchScreen.storyboard in Resources */ = {isa = PBXBuildFile; fileRef = E0A4B2A01CAA872B001C81FC /* LaunchScreen.storyboard */; };
		E0A4B2AD1CAA872B001C81FC /* EfficiencyTests.swift in Sources */ = {isa = PBXBuildFile; fileRef = E0A4B2AC1CAA872B001C81FC /* EfficiencyTests.swift */; };
		E0A4B2B81CAA872B001C81FC /* EfficiencyUITests.swift in Sources */ = {isa = PBXBuildFile; fileRef = E0A4B2B71CAA872B001C81FC /* EfficiencyUITests.swift */; };
		E0C7CE8E1CAC01A0005A7942 /* PicturesScanViewController.swift in Sources */ = {isa = PBXBuildFile; fileRef = E0C7CE8C1CAC01A0005A7942 /* PicturesScanViewController.swift */; };
		E0C7CE901CAC01A0005A7942 /* PicturesScanViewController.xib in Resources */ = {isa = PBXBuildFile; fileRef = E0C7CE8D1CAC01A0005A7942 /* PicturesScanViewController.xib */; };
		E0C7CE911CAC01A0005A7942 /* PicturesScanViewController.xib in Resources */ = {isa = PBXBuildFile; fileRef = E0C7CE8D1CAC01A0005A7942 /* PicturesScanViewController.xib */; };
		E0C7CE941CAC01DF005A7942 /* MasterViewController.swift in Sources */ = {isa = PBXBuildFile; fileRef = E0C7CE931CAC01DF005A7942 /* MasterViewController.swift */; };
		E0C7CE971CAC02B4005A7942 /* MasterViewModel.swift in Sources */ = {isa = PBXBuildFile; fileRef = E0C7CE961CAC02B4005A7942 /* MasterViewModel.swift */; };
		E0C7CED51CAC123F005A7942 /* PicturesScanViewModel.swift in Sources */ = {isa = PBXBuildFile; fileRef = E0C7CED41CAC123F005A7942 /* PicturesScanViewModel.swift */; };
		E0C7CEDD1CAC189F005A7942 /* PicturesScanManager.swift in Sources */ = {isa = PBXBuildFile; fileRef = E0C7CEDC1CAC189F005A7942 /* PicturesScanManager.swift */; };
		E0C7CEDF1CAC18CE005A7942 /* DocumentsManager.swift in Sources */ = {isa = PBXBuildFile; fileRef = E0C7CEDE1CAC18CE005A7942 /* DocumentsManager.swift */; };
		E0C7CEE11CAC1925005A7942 /* FolderModel.swift in Sources */ = {isa = PBXBuildFile; fileRef = E0C7CEE01CAC1925005A7942 /* FolderModel.swift */; };
		E0C7CEE31CAC192E005A7942 /* FileModel.swift in Sources */ = {isa = PBXBuildFile; fileRef = E0C7CEE21CAC192E005A7942 /* FileModel.swift */; };
		E0C7CEE61CAC2142005A7942 /* PicturesDetailViewController.swift in Sources */ = {isa = PBXBuildFile; fileRef = E0C7CEE41CAC2142005A7942 /* PicturesDetailViewController.swift */; };
		E0C7CEE71CAC2142005A7942 /* PicturesDetailViewController.xib in Resources */ = {isa = PBXBuildFile; fileRef = E0C7CEE51CAC2142005A7942 /* PicturesDetailViewController.xib */; };
		E0C7CEE91CAC217B005A7942 /* PictureDetailViewModel.swift in Sources */ = {isa = PBXBuildFile; fileRef = E0C7CEE81CAC217B005A7942 /* PictureDetailViewModel.swift */; };
		E0D463F81D20FF7000050B17 /* ImportPhotosViewController.swift in Sources */ = {isa = PBXBuildFile; fileRef = E0D463F61D20FF7000050B17 /* ImportPhotosViewController.swift */; };
		E0D463F91D20FF7000050B17 /* ImportPhotosViewController.swift in Sources */ = {isa = PBXBuildFile; fileRef = E0D463F61D20FF7000050B17 /* ImportPhotosViewController.swift */; };
		E0D463FA1D20FF7000050B17 /* ImportPhotosViewController.xib in Resources */ = {isa = PBXBuildFile; fileRef = E0D463F71D20FF7000050B17 /* ImportPhotosViewController.xib */; };
		E0D463FB1D20FF7000050B17 /* ImportPhotosViewController.xib in Resources */ = {isa = PBXBuildFile; fileRef = E0D463F71D20FF7000050B17 /* ImportPhotosViewController.xib */; };
		E0D463FE1D212D4300050B17 /* MediaLibSelectViewController.swift in Sources */ = {isa = PBXBuildFile; fileRef = E0D463FC1D212D4300050B17 /* MediaLibSelectViewController.swift */; };
		E0D463FF1D212D4300050B17 /* MediaLibSelectViewController.swift in Sources */ = {isa = PBXBuildFile; fileRef = E0D463FC1D212D4300050B17 /* MediaLibSelectViewController.swift */; };
		E0D464001D212D4300050B17 /* MediaLibSelectViewController.xib in Resources */ = {isa = PBXBuildFile; fileRef = E0D463FD1D212D4300050B17 /* MediaLibSelectViewController.xib */; };
		E0D464011D212D4300050B17 /* MediaLibSelectViewController.xib in Resources */ = {isa = PBXBuildFile; fileRef = E0D463FD1D212D4300050B17 /* MediaLibSelectViewController.xib */; };
		E0D464041D224F4F00050B17 /* Photos.framework in Frameworks */ = {isa = PBXBuildFile; fileRef = E0D464021D224F4F00050B17 /* Photos.framework */; settings = {ATTRIBUTES = (Required, ); }; };
		E0D464051D224F4F00050B17 /* PhotosUI.framework in Frameworks */ = {isa = PBXBuildFile; fileRef = E0D464031D224F4F00050B17 /* PhotosUI.framework */; };
		E0ED599C1CBE8BEA0003108E /* MovieListController.swift in Sources */ = {isa = PBXBuildFile; fileRef = E0ED599B1CBE8BEA0003108E /* MovieListController.swift */; };
		E0ED599E1CBE984C0003108E /* MovieListViewModel.swift in Sources */ = {isa = PBXBuildFile; fileRef = E0ED599D1CBE984B0003108E /* MovieListViewModel.swift */; };
/* End PBXBuildFile section */

/* Begin PBXContainerItemProxy section */
		E0A4B2A91CAA872B001C81FC /* PBXContainerItemProxy */ = {
			isa = PBXContainerItemProxy;
			containerPortal = E0A4B28A1CAA872B001C81FC /* Project object */;
			proxyType = 1;
			remoteGlobalIDString = E0A4B2911CAA872B001C81FC;
			remoteInfo = Efficiency;
		};
		E0A4B2B41CAA872B001C81FC /* PBXContainerItemProxy */ = {
			isa = PBXContainerItemProxy;
			containerPortal = E0A4B28A1CAA872B001C81FC /* Project object */;
			proxyType = 1;
			remoteGlobalIDString = E0A4B2911CAA872B001C81FC;
			remoteInfo = Efficiency;
		};
/* End PBXContainerItemProxy section */

/* Begin PBXFileReference section */
		E01FF4E31CB0D0BE008676B8 /* LockManager.swift */ = {isa = PBXFileReference; fileEncoding = 4; lastKnownFileType = sourcecode.swift; path = LockManager.swift; sourceTree = "<group>"; };
		E0426D5C1CB54C2000B7F68B /* DocumentsImportManager.swift */ = {isa = PBXFileReference; fileEncoding = 4; lastKnownFileType = sourcecode.swift; path = DocumentsImportManager.swift; sourceTree = "<group>"; };
		E0707ED41CC1D4570013D96B /* MovieDetailViewController.swift */ = {isa = PBXFileReference; fileEncoding = 4; lastKnownFileType = sourcecode.swift; path = MovieDetailViewController.swift; sourceTree = "<group>"; };
		E0707ED51CC1D4570013D96B /* MovieDetailViewController.xib */ = {isa = PBXFileReference; fileEncoding = 4; lastKnownFileType = file.xib; path = MovieDetailViewController.xib; sourceTree = "<group>"; };
		E0707ED81CC1D4CA0013D96B /* MovieFolderController.swift */ = {isa = PBXFileReference; fileEncoding = 4; lastKnownFileType = sourcecode.swift; path = MovieFolderController.swift; sourceTree = "<group>"; };
		E0707EDB1CC1DD3D0013D96B /* BookScanController.swift */ = {isa = PBXFileReference; fileEncoding = 4; lastKnownFileType = sourcecode.swift; path = BookScanController.swift; sourceTree = "<group>"; };
		E0707EDD1CC1E2C80013D96B /* BookScanViewModel.swift */ = {isa = PBXFileReference; fileEncoding = 4; lastKnownFileType = sourcecode.swift; path = BookScanViewModel.swift; sourceTree = "<group>"; };
		E0707EDF1CC1E38E0013D96B /* BookFolderController.swift */ = {isa = PBXFileReference; fileEncoding = 4; lastKnownFileType = sourcecode.swift; path = BookFolderController.swift; sourceTree = "<group>"; };
		E0707EE11CC1E4040013D96B /* BookDetailViewController.swift */ = {isa = PBXFileReference; fileEncoding = 4; lastKnownFileType = sourcecode.swift; path = BookDetailViewController.swift; sourceTree = "<group>"; };
		E0707EE21CC1E4040013D96B /* BookDetailViewController.xib */ = {isa = PBXFileReference; fileEncoding = 4; lastKnownFileType = file.xib; path = BookDetailViewController.xib; sourceTree = "<group>"; };
		E088689A1CB0C11D00128A66 /* PicDetailCell.swift */ = {isa = PBXFileReference; fileEncoding = 4; lastKnownFileType = sourcecode.swift; path = PicDetailCell.swift; sourceTree = "<group>"; };
		E088689B1CB0C11D00128A66 /* PicDetailCell.xib */ = {isa = PBXFileReference; fileEncoding = 4; lastKnownFileType = file.xib; path = PicDetailCell.xib; sourceTree = "<group>"; };
		E088689E1CB0C64500128A66 /* PicModel.swift */ = {isa = PBXFileReference; fileEncoding = 4; lastKnownFileType = sourcecode.swift; path = PicModel.swift; sourceTree = "<group>"; };
		E08868A11CB0CAE300128A66 /* LockViewController.swift */ = {isa = PBXFileReference; fileEncoding = 4; lastKnownFileType = sourcecode.swift; path = LockViewController.swift; sourceTree = "<group>"; };
		E08868A21CB0CAE300128A66 /* LockViewController.xib */ = {isa = PBXFileReference; fileEncoding = 4; lastKnownFileType = file.xib; path = LockViewController.xib; sourceTree = "<group>"; };
		E08868A61CB0CC5300128A66 /* Crypto.swift */ = {isa = PBXFileReference; fileEncoding = 4; lastKnownFileType = sourcecode.swift; path = Crypto.swift; sourceTree = "<group>"; };
		E08868A91CB0CCAC00128A66 /* Efficiency-Bridging-Header.h */ = {isa = PBXFileReference; lastKnownFileType = sourcecode.c.h; path = "Efficiency-Bridging-Header.h"; sourceTree = "<group>"; };
		E08868AA1CB0CCAC00128A66 /* EfficiencyTests-Bridging-Header.h */ = {isa = PBXFileReference; lastKnownFileType = sourcecode.c.h; name = "EfficiencyTests-Bridging-Header.h"; path = "../Efficiency/EfficiencyTests-Bridging-Header.h"; sourceTree = "<group>"; };
		E08868AF1CB0CCEC00128A66 /* LockData.swift */ = {isa = PBXFileReference; fileEncoding = 4; lastKnownFileType = sourcecode.swift; path = LockData.swift; sourceTree = "<group>"; };
		E08E94101CB54E99002FF9EB /* SelectFolderController.swift */ = {isa = PBXFileReference; fileEncoding = 4; lastKnownFileType = sourcecode.swift; path = SelectFolderController.swift; sourceTree = "<group>"; };
		E08E94111CB54E99002FF9EB /* SelectFolderController.xib */ = {isa = PBXFileReference; fileEncoding = 4; lastKnownFileType = file.xib; path = SelectFolderController.xib; sourceTree = "<group>"; };
		E08E94141CB54F1E002FF9EB /* SelectFolderViewModel.swift */ = {isa = PBXFileReference; fileEncoding = 4; lastKnownFileType = sourcecode.swift; path = SelectFolderViewModel.swift; sourceTree = "<group>"; };
		E08E94161CB5584B002FF9EB /* Alert.swift */ = {isa = PBXFileReference; fileEncoding = 4; lastKnownFileType = sourcecode.swift; path = Alert.swift; sourceTree = "<group>"; };
		E0A4B2921CAA872B001C81FC /* Efficiency.app */ = {isa = PBXFileReference; explicitFileType = wrapper.application; includeInIndex = 0; path = Efficiency.app; sourceTree = BUILT_PRODUCTS_DIR; };
		E0A4B2951CAA872B001C81FC /* AppDelegate.swift */ = {isa = PBXFileReference; lastKnownFileType = sourcecode.swift; path = AppDelegate.swift; sourceTree = "<group>"; };
		E0A4B29C1CAA872B001C81FC /* Base */ = {isa = PBXFileReference; lastKnownFileType = file.storyboard; name = Base; path = Base.lproj/Main.storyboard; sourceTree = "<group>"; };
		E0A4B29E1CAA872B001C81FC /* Assets.xcassets */ = {isa = PBXFileReference; lastKnownFileType = folder.assetcatalog; path = Assets.xcassets; sourceTree = "<group>"; };
		E0A4B2A11CAA872B001C81FC /* Base */ = {isa = PBXFileReference; lastKnownFileType = file.storyboard; name = Base; path = Base.lproj/LaunchScreen.storyboard; sourceTree = "<group>"; };
		E0A4B2A31CAA872B001C81FC /* Info.plist */ = {isa = PBXFileReference; lastKnownFileType = text.plist.xml; path = Info.plist; sourceTree = "<group>"; };
		E0A4B2A81CAA872B001C81FC /* EfficiencyTests.xctest */ = {isa = PBXFileReference; explicitFileType = wrapper.cfbundle; includeInIndex = 0; path = EfficiencyTests.xctest; sourceTree = BUILT_PRODUCTS_DIR; };
		E0A4B2AC1CAA872B001C81FC /* EfficiencyTests.swift */ = {isa = PBXFileReference; lastKnownFileType = sourcecode.swift; path = EfficiencyTests.swift; sourceTree = "<group>"; };
		E0A4B2AE1CAA872B001C81FC /* Info.plist */ = {isa = PBXFileReference; lastKnownFileType = text.plist.xml; path = Info.plist; sourceTree = "<group>"; };
		E0A4B2B31CAA872B001C81FC /* EfficiencyUITests.xctest */ = {isa = PBXFileReference; explicitFileType = wrapper.cfbundle; includeInIndex = 0; path = EfficiencyUITests.xctest; sourceTree = BUILT_PRODUCTS_DIR; };
		E0A4B2B71CAA872B001C81FC /* EfficiencyUITests.swift */ = {isa = PBXFileReference; lastKnownFileType = sourcecode.swift; path = EfficiencyUITests.swift; sourceTree = "<group>"; };
		E0A4B2B91CAA872B001C81FC /* Info.plist */ = {isa = PBXFileReference; lastKnownFileType = text.plist.xml; path = Info.plist; sourceTree = "<group>"; };
		E0C7CE8C1CAC01A0005A7942 /* PicturesScanViewController.swift */ = {isa = PBXFileReference; fileEncoding = 4; lastKnownFileType = sourcecode.swift; path = PicturesScanViewController.swift; sourceTree = "<group>"; };
		E0C7CE8D1CAC01A0005A7942 /* PicturesScanViewController.xib */ = {isa = PBXFileReference; fileEncoding = 4; lastKnownFileType = file.xib; path = PicturesScanViewController.xib; sourceTree = "<group>"; };
		E0C7CE931CAC01DF005A7942 /* MasterViewController.swift */ = {isa = PBXFileReference; fileEncoding = 4; lastKnownFileType = sourcecode.swift; path = MasterViewController.swift; sourceTree = "<group>"; };
		E0C7CE961CAC02B4005A7942 /* MasterViewModel.swift */ = {isa = PBXFileReference; fileEncoding = 4; lastKnownFileType = sourcecode.swift; path = MasterViewModel.swift; sourceTree = "<group>"; };
		E0C7CED41CAC123F005A7942 /* PicturesScanViewModel.swift */ = {isa = PBXFileReference; fileEncoding = 4; lastKnownFileType = sourcecode.swift; path = PicturesScanViewModel.swift; sourceTree = "<group>"; };
		E0C7CEDC1CAC189F005A7942 /* PicturesScanManager.swift */ = {isa = PBXFileReference; fileEncoding = 4; lastKnownFileType = sourcecode.swift; path = PicturesScanManager.swift; sourceTree = "<group>"; };
		E0C7CEDE1CAC18CE005A7942 /* DocumentsManager.swift */ = {isa = PBXFileReference; fileEncoding = 4; lastKnownFileType = sourcecode.swift; path = DocumentsManager.swift; sourceTree = "<group>"; };
		E0C7CEE01CAC1925005A7942 /* FolderModel.swift */ = {isa = PBXFileReference; fileEncoding = 4; lastKnownFileType = sourcecode.swift; path = FolderModel.swift; sourceTree = "<group>"; };
		E0C7CEE21CAC192E005A7942 /* FileModel.swift */ = {isa = PBXFileReference; fileEncoding = 4; lastKnownFileType = sourcecode.swift; path = FileModel.swift; sourceTree = "<group>"; };
		E0C7CEE41CAC2142005A7942 /* PicturesDetailViewController.swift */ = {isa = PBXFileReference; fileEncoding = 4; lastKnownFileType = sourcecode.swift; path = PicturesDetailViewController.swift; sourceTree = "<group>"; };
		E0C7CEE51CAC2142005A7942 /* PicturesDetailViewController.xib */ = {isa = PBXFileReference; fileEncoding = 4; lastKnownFileType = file.xib; path = PicturesDetailViewController.xib; sourceTree = "<group>"; };
		E0C7CEE81CAC217B005A7942 /* PictureDetailViewModel.swift */ = {isa = PBXFileReference; fileEncoding = 4; lastKnownFileType = sourcecode.swift; path = PictureDetailViewModel.swift; sourceTree = "<group>"; };
		E0D463F61D20FF7000050B17 /* ImportPhotosViewController.swift */ = {isa = PBXFileReference; fileEncoding = 4; lastKnownFileType = sourcecode.swift; path = ImportPhotosViewController.swift; sourceTree = "<group>"; };
		E0D463F71D20FF7000050B17 /* ImportPhotosViewController.xib */ = {isa = PBXFileReference; fileEncoding = 4; lastKnownFileType = file.xib; path = ImportPhotosViewController.xib; sourceTree = "<group>"; };
		E0D463FC1D212D4300050B17 /* MediaLibSelectViewController.swift */ = {isa = PBXFileReference; fileEncoding = 4; lastKnownFileType = sourcecode.swift; path = MediaLibSelectViewController.swift; sourceTree = "<group>"; };
		E0D463FD1D212D4300050B17 /* MediaLibSelectViewController.xib */ = {isa = PBXFileReference; fileEncoding = 4; lastKnownFileType = file.xib; path = MediaLibSelectViewController.xib; sourceTree = "<group>"; };
		E0D464021D224F4F00050B17 /* Photos.framework */ = {isa = PBXFileReference; lastKnownFileType = wrapper.framework; name = Photos.framework; path = System/Library/Frameworks/Photos.framework; sourceTree = SDKROOT; };
		E0D464031D224F4F00050B17 /* PhotosUI.framework */ = {isa = PBXFileReference; lastKnownFileType = wrapper.framework; name = PhotosUI.framework; path = System/Library/Frameworks/PhotosUI.framework; sourceTree = SDKROOT; };
		E0ED599B1CBE8BEA0003108E /* MovieListController.swift */ = {isa = PBXFileReference; fileEncoding = 4; lastKnownFileType = sourcecode.swift; path = MovieListController.swift; sourceTree = "<group>"; };
		E0ED599D1CBE984B0003108E /* MovieListViewModel.swift */ = {isa = PBXFileReference; fileEncoding = 4; lastKnownFileType = sourcecode.swift; path = MovieListViewModel.swift; sourceTree = "<group>"; };
/* End PBXFileReference section */

/* Begin PBXFrameworksBuildPhase section */
		E0A4B28F1CAA872B001C81FC /* Frameworks */ = {
			isa = PBXFrameworksBuildPhase;
			buildActionMask = 2147483647;
			files = (
				E0D464041D224F4F00050B17 /* Photos.framework in Frameworks */,
				E0D464051D224F4F00050B17 /* PhotosUI.framework in Frameworks */,
			);
			runOnlyForDeploymentPostprocessing = 0;
		};
		E0A4B2A51CAA872B001C81FC /* Frameworks */ = {
			isa = PBXFrameworksBuildPhase;
			buildActionMask = 2147483647;
			files = (
			);
			runOnlyForDeploymentPostprocessing = 0;
		};
		E0A4B2B01CAA872B001C81FC /* Frameworks */ = {
			isa = PBXFrameworksBuildPhase;
			buildActionMask = 2147483647;
			files = (
			);
			runOnlyForDeploymentPostprocessing = 0;
		};
/* End PBXFrameworksBuildPhase section */

/* Begin PBXGroup section */
		E0707EDA1CC1DC8D0013D96B /* BookScan */ = {
			isa = PBXGroup;
			children = (
				E0707EDB1CC1DD3D0013D96B /* BookScanController.swift */,
				E0707EDD1CC1E2C80013D96B /* BookScanViewModel.swift */,
				E0707EDF1CC1E38E0013D96B /* BookFolderController.swift */,
				E0707EE11CC1E4040013D96B /* BookDetailViewController.swift */,
				E0707EE21CC1E4040013D96B /* BookDetailViewController.xib */,
			);
			path = BookScan;
			sourceTree = "<group>";
		};
		E08868A51CB0CC2900128A66 /* Vender */ = {
			isa = PBXGroup;
			children = (
				E08E94161CB5584B002FF9EB /* Alert.swift */,
				E08868A61CB0CC5300128A66 /* Crypto.swift */,
			);
			path = Vender;
			sourceTree = "<group>";
		};
		E08E940F1CB54E85002FF9EB /* SelectedFolder */ = {
			isa = PBXGroup;
			children = (
				E08E94101CB54E99002FF9EB /* SelectFolderController.swift */,
				E08E94111CB54E99002FF9EB /* SelectFolderController.xib */,
				E08E94141CB54F1E002FF9EB /* SelectFolderViewModel.swift */,
			);
			path = SelectedFolder;
			sourceTree = "<group>";
		};
		E0A4B2891CAA872B001C81FC = {
			isa = PBXGroup;
			children = (
				E0D464061D224F6A00050B17 /* Framework */,
				E08868A51CB0CC2900128A66 /* Vender */,
				E0C7CED61CAC14AB005A7942 /* DAL */,
				E0C7CED81CAC185B005A7942 /* Model */,
				E0C7CEDA1CAC1871005A7942 /* BLL */,
				E0A4B2941CAA872B001C81FC /* Efficiency */,
				E0A4B2AB1CAA872B001C81FC /* EfficiencyTests */,
				E0A4B2B61CAA872B001C81FC /* EfficiencyUITests */,
				E0A4B2931CAA872B001C81FC /* Products */,
			);
			sourceTree = "<group>";
		};
		E0A4B2931CAA872B001C81FC /* Products */ = {
			isa = PBXGroup;
			children = (
				E0A4B2921CAA872B001C81FC /* Efficiency.app */,
				E0A4B2A81CAA872B001C81FC /* EfficiencyTests.xctest */,
				E0A4B2B31CAA872B001C81FC /* EfficiencyUITests.xctest */,
			);
			name = Products;
			sourceTree = "<group>";
		};
		E0A4B2941CAA872B001C81FC /* Efficiency */ = {
			isa = PBXGroup;
			children = (
				E0D463F51D20FF5A00050B17 /* ImportPhotos */,
				E08E940F1CB54E85002FF9EB /* SelectedFolder */,
				E0C7CEDB1CAC187F005A7942 /* Lock */,
				E0C7CE921CAC01DF005A7942 /* Master */,
				E0C7CE8B1CAC0174005A7942 /* PicturesScan */,
				E0ED599A1CBE8B9A0003108E /* MovieScan */,
				E0707EDA1CC1DC8D0013D96B /* BookScan */,
				E0A4B2951CAA872B001C81FC /* AppDelegate.swift */,
				E0A4B29B1CAA872B001C81FC /* Main.storyboard */,
				E0A4B29E1CAA872B001C81FC /* Assets.xcassets */,
				E0A4B2A01CAA872B001C81FC /* LaunchScreen.storyboard */,
				E0A4B2A31CAA872B001C81FC /* Info.plist */,
				E08868A91CB0CCAC00128A66 /* Efficiency-Bridging-Header.h */,
			);
			path = Efficiency;
			sourceTree = "<group>";
		};
		E0A4B2AB1CAA872B001C81FC /* EfficiencyTests */ = {
			isa = PBXGroup;
			children = (
				E08868AA1CB0CCAC00128A66 /* EfficiencyTests-Bridging-Header.h */,
				E0A4B2AC1CAA872B001C81FC /* EfficiencyTests.swift */,
				E0A4B2AE1CAA872B001C81FC /* Info.plist */,
			);
			path = EfficiencyTests;
			sourceTree = "<group>";
		};
		E0A4B2B61CAA872B001C81FC /* EfficiencyUITests */ = {
			isa = PBXGroup;
			children = (
				E0A4B2B71CAA872B001C81FC /* EfficiencyUITests.swift */,
				E0A4B2B91CAA872B001C81FC /* Info.plist */,
			);
			path = EfficiencyUITests;
			sourceTree = "<group>";
		};
		E0C7CE8B1CAC0174005A7942 /* PicturesScan */ = {
			isa = PBXGroup;
			children = (
				E0C7CE8C1CAC01A0005A7942 /* PicturesScanViewController.swift */,
				E0C7CE8D1CAC01A0005A7942 /* PicturesScanViewController.xib */,
				E0C7CED41CAC123F005A7942 /* PicturesScanViewModel.swift */,
				E0C7CEE41CAC2142005A7942 /* PicturesDetailViewController.swift */,
				E0C7CEE51CAC2142005A7942 /* PicturesDetailViewController.xib */,
				E0C7CEE81CAC217B005A7942 /* PictureDetailViewModel.swift */,
				E088689A1CB0C11D00128A66 /* PicDetailCell.swift */,
				E088689B1CB0C11D00128A66 /* PicDetailCell.xib */,
			);
			path = PicturesScan;
			sourceTree = "<group>";
		};
		E0C7CE921CAC01DF005A7942 /* Master */ = {
			isa = PBXGroup;
			children = (
				E0C7CE931CAC01DF005A7942 /* MasterViewController.swift */,
				E0C7CE961CAC02B4005A7942 /* MasterViewModel.swift */,
			);
			path = Master;
			sourceTree = "<group>";
		};
		E0C7CED61CAC14AB005A7942 /* DAL */ = {
			isa = PBXGroup;
			children = (
				E0C7CED91CAC1867005A7942 /* Lock */,
				E0C7CED71CAC1513005A7942 /* DocumentsManager */,
			);
			path = DAL;
			sourceTree = "<group>";
		};
		E0C7CED71CAC1513005A7942 /* DocumentsManager */ = {
			isa = PBXGroup;
			children = (
				E0C7CEDE1CAC18CE005A7942 /* DocumentsManager.swift */,
			);
			path = DocumentsManager;
			sourceTree = "<group>";
		};
		E0C7CED81CAC185B005A7942 /* Model */ = {
			isa = PBXGroup;
			children = (
				E0C7CEE01CAC1925005A7942 /* FolderModel.swift */,
				E0C7CEE21CAC192E005A7942 /* FileModel.swift */,
				E088689E1CB0C64500128A66 /* PicModel.swift */,
			);
			path = Model;
			sourceTree = "<group>";
		};
		E0C7CED91CAC1867005A7942 /* Lock */ = {
			isa = PBXGroup;
			children = (
				E08868AF1CB0CCEC00128A66 /* LockData.swift */,
			);
			path = Lock;
			sourceTree = "<group>";
		};
		E0C7CEDA1CAC1871005A7942 /* BLL */ = {
			isa = PBXGroup;
			children = (
				E0C7CEDC1CAC189F005A7942 /* PicturesScanManager.swift */,
				E01FF4E31CB0D0BE008676B8 /* LockManager.swift */,
				E0426D5C1CB54C2000B7F68B /* DocumentsImportManager.swift */,
			);
			path = BLL;
			sourceTree = "<group>";
		};
		E0C7CEDB1CAC187F005A7942 /* Lock */ = {
			isa = PBXGroup;
			children = (
				E08868A11CB0CAE300128A66 /* LockViewController.swift */,
				E08868A21CB0CAE300128A66 /* LockViewController.xib */,
			);
			path = Lock;
			sourceTree = "<group>";
		};
		E0D463F51D20FF5A00050B17 /* ImportPhotos */ = {
			isa = PBXGroup;
			children = (
				E0D463F61D20FF7000050B17 /* ImportPhotosViewController.swift */,
				E0D463F71D20FF7000050B17 /* ImportPhotosViewController.xib */,
				E0D463FC1D212D4300050B17 /* MediaLibSelectViewController.swift */,
				E0D463FD1D212D4300050B17 /* MediaLibSelectViewController.xib */,
			);
			path = ImportPhotos;
			sourceTree = "<group>";
		};
		E0D464061D224F6A00050B17 /* Framework */ = {
			isa = PBXGroup;
			children = (
				E0D464021D224F4F00050B17 /* Photos.framework */,
				E0D464031D224F4F00050B17 /* PhotosUI.framework */,
			);
			name = Framework;
			sourceTree = "<group>";
		};
		E0ED599A1CBE8B9A0003108E /* MovieScan */ = {
			isa = PBXGroup;
			children = (
				E0ED599B1CBE8BEA0003108E /* MovieListController.swift */,
				E0ED599D1CBE984B0003108E /* MovieListViewModel.swift */,
				E0707ED81CC1D4CA0013D96B /* MovieFolderController.swift */,
				E0707ED41CC1D4570013D96B /* MovieDetailViewController.swift */,
				E0707ED51CC1D4570013D96B /* MovieDetailViewController.xib */,
			);
			path = MovieScan;
			sourceTree = "<group>";
		};
/* End PBXGroup section */

/* Begin PBXNativeTarget section */
		E0A4B2911CAA872B001C81FC /* Efficiency */ = {
			isa = PBXNativeTarget;
			buildConfigurationList = E0A4B2BC1CAA872B001C81FC /* Build configuration list for PBXNativeTarget "Efficiency" */;
			buildPhases = (
				E0A4B28E1CAA872B001C81FC /* Sources */,
				E0A4B28F1CAA872B001C81FC /* Frameworks */,
				E0A4B2901CAA872B001C81FC /* Resources */,
			);
			buildRules = (
			);
			dependencies = (
			);
			name = Efficiency;
			productName = Efficiency;
			productReference = E0A4B2921CAA872B001C81FC /* Efficiency.app */;
			productType = "com.apple.product-type.application";
		};
		E0A4B2A71CAA872B001C81FC /* EfficiencyTests */ = {
			isa = PBXNativeTarget;
			buildConfigurationList = E0A4B2BF1CAA872B001C81FC /* Build configuration list for PBXNativeTarget "EfficiencyTests" */;
			buildPhases = (
				E0A4B2A41CAA872B001C81FC /* Sources */,
				E0A4B2A51CAA872B001C81FC /* Frameworks */,
				E0A4B2A61CAA872B001C81FC /* Resources */,
			);
			buildRules = (
			);
			dependencies = (
				E0A4B2AA1CAA872B001C81FC /* PBXTargetDependency */,
			);
			name = EfficiencyTests;
			productName = EfficiencyTests;
			productReference = E0A4B2A81CAA872B001C81FC /* EfficiencyTests.xctest */;
			productType = "com.apple.product-type.bundle.unit-test";
		};
		E0A4B2B21CAA872B001C81FC /* EfficiencyUITests */ = {
			isa = PBXNativeTarget;
			buildConfigurationList = E0A4B2C21CAA872B001C81FC /* Build configuration list for PBXNativeTarget "EfficiencyUITests" */;
			buildPhases = (
				E0A4B2AF1CAA872B001C81FC /* Sources */,
				E0A4B2B01CAA872B001C81FC /* Frameworks */,
				E0A4B2B11CAA872B001C81FC /* Resources */,
			);
			buildRules = (
			);
			dependencies = (
				E0A4B2B51CAA872B001C81FC /* PBXTargetDependency */,
			);
			name = EfficiencyUITests;
			productName = EfficiencyUITests;
			productReference = E0A4B2B31CAA872B001C81FC /* EfficiencyUITests.xctest */;
			productType = "com.apple.product-type.bundle.ui-testing";
		};
/* End PBXNativeTarget section */

/* Begin PBXProject section */
		E0A4B28A1CAA872B001C81FC /* Project object */ = {
			isa = PBXProject;
			attributes = {
				LastSwiftUpdateCheck = 0730;
				LastUpgradeCheck = 0800;
				ORGANIZATIONNAME = Yalin;
				TargetAttributes = {
					E0A4B2911CAA872B001C81FC = {
						CreatedOnToolsVersion = 7.2.1;
						DevelopmentTeam = 932M9W363W;
						DevelopmentTeamName = "yalin yang (Personal Team)";
						LastSwiftMigration = 0800;
					};
					E0A4B2A71CAA872B001C81FC = {
						CreatedOnToolsVersion = 7.2.1;
						LastSwiftMigration = 0800;
						TestTargetID = E0A4B2911CAA872B001C81FC;
					};
					E0A4B2B21CAA872B001C81FC = {
						CreatedOnToolsVersion = 7.2.1;
						LastSwiftMigration = 0800;
						ProvisioningStyle = Automatic;
						TestTargetID = E0A4B2911CAA872B001C81FC;
					};
				};
			};
			buildConfigurationList = E0A4B28D1CAA872B001C81FC /* Build configuration list for PBXProject "Efficiency" */;
			compatibilityVersion = "Xcode 3.2";
			developmentRegion = English;
			hasScannedForEncodings = 0;
			knownRegions = (
				en,
				Base,
			);
			mainGroup = E0A4B2891CAA872B001C81FC;
			productRefGroup = E0A4B2931CAA872B001C81FC /* Products */;
			projectDirPath = "";
			projectRoot = "";
			targets = (
				E0A4B2911CAA872B001C81FC /* Efficiency */,
				E0A4B2A71CAA872B001C81FC /* EfficiencyTests */,
				E0A4B2B21CAA872B001C81FC /* EfficiencyUITests */,
			);
		};
/* End PBXProject section */

/* Begin PBXResourcesBuildPhase section */
		E0A4B2901CAA872B001C81FC /* Resources */ = {
			isa = PBXResourcesBuildPhase;
			buildActionMask = 2147483647;
			files = (
				E0707EE41CC1E4040013D96B /* BookDetailViewController.xib in Resources */,
				E0707ED71CC1D4570013D96B /* MovieDetailViewController.xib in Resources */,
				E08868A41CB0CAE300128A66 /* LockViewController.xib in Resources */,
				E0C7CE901CAC01A0005A7942 /* PicturesScanViewController.xib in Resources */,
				E0D463FA1D20FF7000050B17 /* ImportPhotosViewController.xib in Resources */,
				E0A4B2A21CAA872B001C81FC /* LaunchScreen.storyboard in Resources */,
				E08E94131CB54E99002FF9EB /* SelectFolderController.xib in Resources */,
				E0C7CEE71CAC2142005A7942 /* PicturesDetailViewController.xib in Resources */,
				E0A4B29F1CAA872B001C81FC /* Assets.xcassets in Resources */,
				E0A4B29D1CAA872B001C81FC /* Main.storyboard in Resources */,
				E0D464001D212D4300050B17 /* MediaLibSelectViewController.xib in Resources */,
				E088689D1CB0C11D00128A66 /* PicDetailCell.xib in Resources */,
			);
			runOnlyForDeploymentPostprocessing = 0;
		};
		E0A4B2A61CAA872B001C81FC /* Resources */ = {
			isa = PBXResourcesBuildPhase;
			buildActionMask = 2147483647;
			files = (
			);
			runOnlyForDeploymentPostprocessing = 0;
		};
		E0A4B2B11CAA872B001C81FC /* Resources */ = {
			isa = PBXResourcesBuildPhase;
			buildActionMask = 2147483647;
			files = (
				E0D463FB1D20FF7000050B17 /* ImportPhotosViewController.xib in Resources */,
				E0D464011D212D4300050B17 /* MediaLibSelectViewController.xib in Resources */,
				E0C7CE911CAC01A0005A7942 /* PicturesScanViewController.xib in Resources */,
			);
			runOnlyForDeploymentPostprocessing = 0;
		};
/* End PBXResourcesBuildPhase section */

/* Begin PBXSourcesBuildPhase section */
		E0A4B28E1CAA872B001C81FC /* Sources */ = {
			isa = PBXSourcesBuildPhase;
			buildActionMask = 2147483647;
			files = (
				E0707EE01CC1E38E0013D96B /* BookFolderController.swift in Sources */,
				E0C7CE971CAC02B4005A7942 /* MasterViewModel.swift in Sources */,
				E0707ED91CC1D4CA0013D96B /* MovieFolderController.swift in Sources */,
				E0707EE31CC1E4040013D96B /* BookDetailViewController.swift in Sources */,
				E08E94121CB54E99002FF9EB /* SelectFolderController.swift in Sources */,
				E0C7CEE31CAC192E005A7942 /* FileModel.swift in Sources */,
				E0C7CEE11CAC1925005A7942 /* FolderModel.swift in Sources */,
				E0707ED61CC1D4570013D96B /* MovieDetailViewController.swift in Sources */,
				E0426D5D1CB54C2000B7F68B /* DocumentsImportManager.swift in Sources */,
				E0C7CE8E1CAC01A0005A7942 /* PicturesScanViewController.swift in Sources */,
				E08E94171CB5584B002FF9EB /* Alert.swift in Sources */,
				E0D463FE1D212D4300050B17 /* MediaLibSelectViewController.swift in Sources */,
				E01FF4E41CB0D0BE008676B8 /* LockManager.swift in Sources */,
				E0707EDE1CC1E2C80013D96B /* BookScanViewModel.swift in Sources */,
				E0C7CED51CAC123F005A7942 /* PicturesScanViewModel.swift in Sources */,
				E08868A31CB0CAE300128A66 /* LockViewController.swift in Sources */,
				E088689C1CB0C11D00128A66 /* PicDetailCell.swift in Sources */,
				E0C7CEE91CAC217B005A7942 /* PictureDetailViewModel.swift in Sources */,
				E0C7CEDD1CAC189F005A7942 /* PicturesScanManager.swift in Sources */,
				E0C7CEE61CAC2142005A7942 /* PicturesDetailViewController.swift in Sources */,
				E0A4B2961CAA872B001C81FC /* AppDelegate.swift in Sources */,
				E0D463F81D20FF7000050B17 /* ImportPhotosViewController.swift in Sources */,
				E0ED599E1CBE984C0003108E /* MovieListViewModel.swift in Sources */,
				E0C7CE941CAC01DF005A7942 /* MasterViewController.swift in Sources */,
				E0ED599C1CBE8BEA0003108E /* MovieListController.swift in Sources */,
				E08868B01CB0CCEC00128A66 /* LockData.swift in Sources */,
				E08868A71CB0CC5300128A66 /* Crypto.swift in Sources */,
				E0C7CEDF1CAC18CE005A7942 /* DocumentsManager.swift in Sources */,
				E08E94151CB54F1E002FF9EB /* SelectFolderViewModel.swift in Sources */,
				E088689F1CB0C64500128A66 /* PicModel.swift in Sources */,
				E0707EDC1CC1DD3D0013D96B /* BookScanController.swift in Sources */,
			);
			runOnlyForDeploymentPostprocessing = 0;
		};
		E0A4B2A41CAA872B001C81FC /* Sources */ = {
			isa = PBXSourcesBuildPhase;
			buildActionMask = 2147483647;
			files = (
				E08868A81CB0CC5300128A66 /* Crypto.swift in Sources */,
				E08868A01CB0C66200128A66 /* PicModel.swift in Sources */,
				E08868961CB0BCA500128A66 /* FolderModel.swift in Sources */,
				E08868971CB0BCA500128A66 /* FileModel.swift in Sources */,
				E08868951CB0BADF00128A66 /* PictureDetailViewModel.swift in Sources */,
				E08868B11CB0CCEC00128A66 /* LockData.swift in Sources */,
				E0A4B2AD1CAA872B001C81FC /* EfficiencyTests.swift in Sources */,
			);
			runOnlyForDeploymentPostprocessing = 0;
		};
		E0A4B2AF1CAA872B001C81FC /* Sources */ = {
			isa = PBXSourcesBuildPhase;
			buildActionMask = 2147483647;
			files = (
				E0D463FF1D212D4300050B17 /* MediaLibSelectViewController.swift in Sources */,
				E0D463F91D20FF7000050B17 /* ImportPhotosViewController.swift in Sources */,
				E0A4B2B81CAA872B001C81FC /* EfficiencyUITests.swift in Sources */,
			);
			runOnlyForDeploymentPostprocessing = 0;
		};
/* End PBXSourcesBuildPhase section */

/* Begin PBXTargetDependency section */
		E0A4B2AA1CAA872B001C81FC /* PBXTargetDependency */ = {
			isa = PBXTargetDependency;
			target = E0A4B2911CAA872B001C81FC /* Efficiency */;
			targetProxy = E0A4B2A91CAA872B001C81FC /* PBXContainerItemProxy */;
		};
		E0A4B2B51CAA872B001C81FC /* PBXTargetDependency */ = {
			isa = PBXTargetDependency;
			target = E0A4B2911CAA872B001C81FC /* Efficiency */;
			targetProxy = E0A4B2B41CAA872B001C81FC /* PBXContainerItemProxy */;
		};
/* End PBXTargetDependency section */

/* Begin PBXVariantGroup section */
		E0A4B29B1CAA872B001C81FC /* Main.storyboard */ = {
			isa = PBXVariantGroup;
			children = (
				E0A4B29C1CAA872B001C81FC /* Base */,
			);
			name = Main.storyboard;
			sourceTree = "<group>";
		};
		E0A4B2A01CAA872B001C81FC /* LaunchScreen.storyboard */ = {
			isa = PBXVariantGroup;
			children = (
				E0A4B2A11CAA872B001C81FC /* Base */,
			);
			name = LaunchScreen.storyboard;
			sourceTree = "<group>";
		};
/* End PBXVariantGroup section */

/* Begin XCBuildConfiguration section */
		E0A4B2BA1CAA872B001C81FC /* Debug */ = {
			isa = XCBuildConfiguration;
			buildSettings = {
				ALWAYS_SEARCH_USER_PATHS = NO;
				CLANG_CXX_LANGUAGE_STANDARD = "gnu++0x";
				CLANG_CXX_LIBRARY = "libc++";
				CLANG_ENABLE_MODULES = YES;
				CLANG_ENABLE_OBJC_ARC = YES;
				CLANG_WARN_BOOL_CONVERSION = YES;
				CLANG_WARN_CONSTANT_CONVERSION = YES;
				CLANG_WARN_DIRECT_OBJC_ISA_USAGE = YES_ERROR;
				CLANG_WARN_EMPTY_BODY = YES;
				CLANG_WARN_ENUM_CONVERSION = YES;
				CLANG_WARN_INT_CONVERSION = YES;
				CLANG_WARN_OBJC_ROOT_CLASS = YES_ERROR;
				CLANG_WARN_UNREACHABLE_CODE = YES;
				CLANG_WARN__DUPLICATE_METHOD_MATCH = YES;
				"CODE_SIGN_IDENTITY[sdk=iphoneos*]" = "iPhone Developer";
				COPY_PHASE_STRIP = NO;
				DEBUG_INFORMATION_FORMAT = dwarf;
				ENABLE_STRICT_OBJC_MSGSEND = YES;
				ENABLE_TESTABILITY = YES;
				GCC_C_LANGUAGE_STANDARD = gnu99;
				GCC_DYNAMIC_NO_PIC = NO;
				GCC_NO_COMMON_BLOCKS = YES;
				GCC_OPTIMIZATION_LEVEL = 0;
				GCC_PREPROCESSOR_DEFINITIONS = (
					"DEBUG=1",
					"$(inherited)",
				);
				GCC_WARN_64_TO_32_BIT_CONVERSION = YES;
				GCC_WARN_ABOUT_RETURN_TYPE = YES_ERROR;
				GCC_WARN_UNDECLARED_SELECTOR = YES;
				GCC_WARN_UNINITIALIZED_AUTOS = YES_AGGRESSIVE;
				GCC_WARN_UNUSED_FUNCTION = YES;
				GCC_WARN_UNUSED_VARIABLE = YES;
				IPHONEOS_DEPLOYMENT_TARGET = 9.2;
				MTL_ENABLE_DEBUG_INFO = YES;
				ONLY_ACTIVE_ARCH = YES;
				SDKROOT = iphoneos;
				SWIFT_OPTIMIZATION_LEVEL = "-Onone";
			};
			name = Debug;
		};
		E0A4B2BB1CAA872B001C81FC /* Release */ = {
			isa = XCBuildConfiguration;
			buildSettings = {
				ALWAYS_SEARCH_USER_PATHS = NO;
				CLANG_CXX_LANGUAGE_STANDARD = "gnu++0x";
				CLANG_CXX_LIBRARY = "libc++";
				CLANG_ENABLE_MODULES = YES;
				CLANG_ENABLE_OBJC_ARC = YES;
				CLANG_WARN_BOOL_CONVERSION = YES;
				CLANG_WARN_CONSTANT_CONVERSION = YES;
				CLANG_WARN_DIRECT_OBJC_ISA_USAGE = YES_ERROR;
				CLANG_WARN_EMPTY_BODY = YES;
				CLANG_WARN_ENUM_CONVERSION = YES;
				CLANG_WARN_INT_CONVERSION = YES;
				CLANG_WARN_OBJC_ROOT_CLASS = YES_ERROR;
				CLANG_WARN_UNREACHABLE_CODE = YES;
				CLANG_WARN__DUPLICATE_METHOD_MATCH = YES;
				"CODE_SIGN_IDENTITY[sdk=iphoneos*]" = "iPhone Developer";
				COPY_PHASE_STRIP = NO;
				DEBUG_INFORMATION_FORMAT = "dwarf-with-dsym";
				ENABLE_NS_ASSERTIONS = NO;
				ENABLE_STRICT_OBJC_MSGSEND = YES;
				GCC_C_LANGUAGE_STANDARD = gnu99;
				GCC_NO_COMMON_BLOCKS = YES;
				GCC_WARN_64_TO_32_BIT_CONVERSION = YES;
				GCC_WARN_ABOUT_RETURN_TYPE = YES_ERROR;
				GCC_WARN_UNDECLARED_SELECTOR = YES;
				GCC_WARN_UNINITIALIZED_AUTOS = YES_AGGRESSIVE;
				GCC_WARN_UNUSED_FUNCTION = YES;
				GCC_WARN_UNUSED_VARIABLE = YES;
				IPHONEOS_DEPLOYMENT_TARGET = 9.2;
				MTL_ENABLE_DEBUG_INFO = NO;
				SDKROOT = iphoneos;
				VALIDATE_PRODUCT = YES;
			};
			name = Release;
		};
		E0A4B2BD1CAA872B001C81FC /* Debug */ = {
			isa = XCBuildConfiguration;
			buildSettings = {
				ASSETCATALOG_COMPILER_APPICON_NAME = AppIcon;
				CLANG_ENABLE_MODULES = YES;
				CODE_SIGN_IDENTITY = "iPhone Developer";
				"CODE_SIGN_IDENTITY[sdk=iphoneos*]" = "iPhone Developer";
				INFOPLIST_FILE = Efficiency/Info.plist;
				IPHONEOS_DEPLOYMENT_TARGET = 9.0;
				LD_RUNPATH_SEARCH_PATHS = "$(inherited) @executable_path/Frameworks";
				PRODUCT_BUNDLE_IDENTIFIER = yalin.Efficiency;
				PRODUCT_NAME = "$(TARGET_NAME)";
				PROVISIONING_PROFILE = "";
				SWIFT_OBJC_BRIDGING_HEADER = "Efficiency/Efficiency-Bridging-Header.h";
				SWIFT_OPTIMIZATION_LEVEL = "-Onone";
				SWIFT_VERSION = 3.0;
				TARGETED_DEVICE_FAMILY = "1,2";
			};
			name = Debug;
		};
		E0A4B2BE1CAA872B001C81FC /* Release */ = {
			isa = XCBuildConfiguration;
			buildSettings = {
				ASSETCATALOG_COMPILER_APPICON_NAME = AppIcon;
				CLANG_ENABLE_MODULES = YES;
				CODE_SIGN_IDENTITY = "iPhone Developer";
				"CODE_SIGN_IDENTITY[sdk=iphoneos*]" = "iPhone Developer";
				INFOPLIST_FILE = Efficiency/Info.plist;
				IPHONEOS_DEPLOYMENT_TARGET = 9.0;
				LD_RUNPATH_SEARCH_PATHS = "$(inherited) @executable_path/Frameworks";
				PRODUCT_BUNDLE_IDENTIFIER = yalin.Efficiency;
				PRODUCT_NAME = "$(TARGET_NAME)";
				PROVISIONING_PROFILE = "";
				SWIFT_OBJC_BRIDGING_HEADER = "Efficiency/Efficiency-Bridging-Header.h";
				SWIFT_OPTIMIZATION_LEVEL = "-Owholemodule";
				SWIFT_VERSION = 3.0;
				TARGETED_DEVICE_FAMILY = "1,2";
			};
			name = Release;
		};
		E0A4B2C01CAA872B001C81FC /* Debug */ = {
			isa = XCBuildConfiguration;
			buildSettings = {
				BUNDLE_LOADER = "$(TEST_HOST)";
				CLANG_ENABLE_MODULES = YES;
				INFOPLIST_FILE = EfficiencyTests/Info.plist;
				LD_RUNPATH_SEARCH_PATHS = "$(inherited) @executable_path/Frameworks @loader_path/Frameworks";
				PRODUCT_BUNDLE_IDENTIFIER = yalin.EfficiencyTests;
				PRODUCT_NAME = "$(TARGET_NAME)";
				SWIFT_OBJC_BRIDGING_HEADER = "Efficiency/EfficiencyTests-Bridging-Header.h";
				SWIFT_OPTIMIZATION_LEVEL = "-Onone";
				SWIFT_VERSION = 3.0;
				TEST_HOST = "$(BUILT_PRODUCTS_DIR)/Efficiency.app/Efficiency";
			};
			name = Debug;
		};
		E0A4B2C11CAA872B001C81FC /* Release */ = {
			isa = XCBuildConfiguration;
			buildSettings = {
				BUNDLE_LOADER = "$(TEST_HOST)";
				CLANG_ENABLE_MODULES = YES;
				INFOPLIST_FILE = EfficiencyTests/Info.plist;
				LD_RUNPATH_SEARCH_PATHS = "$(inherited) @executable_path/Frameworks @loader_path/Frameworks";
				PRODUCT_BUNDLE_IDENTIFIER = yalin.EfficiencyTests;
				PRODUCT_NAME = "$(TARGET_NAME)";
				SWIFT_OBJC_BRIDGING_HEADER = "Efficiency/EfficiencyTests-Bridging-Header.h";
				SWIFT_OPTIMIZATION_LEVEL = "-Owholemodule";
				SWIFT_VERSION = 3.0;
				TEST_HOST = "$(BUILT_PRODUCTS_DIR)/Efficiency.app/Efficiency";
			};
			name = Release;
		};
		E0A4B2C31CAA872B001C81FC /* Debug */ = {
			isa = XCBuildConfiguration;
			buildSettings = {
				"CODE_SIGN_IDENTITY[sdk=iphoneos*]" = "iPhone Developer";
				INFOPLIST_FILE = EfficiencyUITests/Info.plist;
				LD_RUNPATH_SEARCH_PATHS = "$(inherited) @executable_path/Frameworks @loader_path/Frameworks";
				PRODUCT_BUNDLE_IDENTIFIER = yalin.EfficiencyUITests;
				PRODUCT_NAME = "$(TARGET_NAME)";
				SWIFT_VERSION = 3.0;
				TEST_TARGET_NAME = Efficiency;
				USES_XCTRUNNER = YES;
			};
			name = Debug;
		};
		E0A4B2C41CAA872B001C81FC /* Release */ = {
			isa = XCBuildConfiguration;
			buildSettings = {
				"CODE_SIGN_IDENTITY[sdk=iphoneos*]" = "iPhone Developer";
				INFOPLIST_FILE = EfficiencyUITests/Info.plist;
				LD_RUNPATH_SEARCH_PATHS = "$(inherited) @executable_path/Frameworks @loader_path/Frameworks";
				PRODUCT_BUNDLE_IDENTIFIER = yalin.EfficiencyUITests;
				PRODUCT_NAME = "$(TARGET_NAME)";
				SWIFT_OPTIMIZATION_LEVEL = "-Owholemodule";
				SWIFT_VERSION = 3.0;
				TEST_TARGET_NAME = Efficiency;
				USES_XCTRUNNER = YES;
			};
			name = Release;
		};
/* End XCBuildConfiguration section */

/* Begin XCConfigurationList section */
		E0A4B28D1CAA872B001C81FC /* Build configuration list for PBXProject "Efficiency" */ = {
			isa = XCConfigurationList;
			buildConfigurations = (
				E0A4B2BA1CAA872B001C81FC /* Debug */,
				E0A4B2BB1CAA872B001C81FC /* Release */,
			);
			defaultConfigurationIsVisible = 0;
			defaultConfigurationName = Release;
		};
		E0A4B2BC1CAA872B001C81FC /* Build configuration list for PBXNativeTarget "Efficiency" */ = {
			isa = XCConfigurationList;
			buildConfigurations = (
				E0A4B2BD1CAA872B001C81FC /* Debug */,
				E0A4B2BE1CAA872B001C81FC /* Release */,
			);
			defaultConfigurationIsVisible = 0;
			defaultConfigurationName = Release;
		};
		E0A4B2BF1CAA872B001C81FC /* Build configuration list for PBXNativeTarget "EfficiencyTests" */ = {
			isa = XCConfigurationList;
			buildConfigurations = (
				E0A4B2C01CAA872B001C81FC /* Debug */,
				E0A4B2C11CAA872B001C81FC /* Release */,
			);
			defaultConfigurationIsVisible = 0;
			defaultConfigurationName = Release;
		};
		E0A4B2C21CAA872B001C81FC /* Build configuration list for PBXNativeTarget "EfficiencyUITests" */ = {
			isa = XCConfigurationList;
			buildConfigurations = (
				E0A4B2C31CAA872B001C81FC /* Debug */,
				E0A4B2C41CAA872B001C81FC /* Release */,
			);
			defaultConfigurationIsVisible = 0;
			defaultConfigurationName = Release;
		};
/* End XCConfigurationList section */
	};
	rootObject = E0A4B28A1CAA872B001C81FC /* Project object */;
}
